// !$*UTF8*$!
{
	archiveVersion = 1;
	classes = {
	};
	objectVersion = 50;
	objects = {

/* Begin PBXBuildFile section */
		2C28EDB02667BF1D00B94BAA /* AppDelegate.swift in Sources */ = {isa = PBXBuildFile; fileRef = 2C28EDAF2667BF1D00B94BAA /* AppDelegate.swift */; };
		2C28EDB42667BF1D00B94BAA /* ViewController.swift in Sources */ = {isa = PBXBuildFile; fileRef = 2C28EDB32667BF1D00B94BAA /* ViewController.swift */; };
		2C28EDB92667BF2100B94BAA /* Assets.xcassets in Resources */ = {isa = PBXBuildFile; fileRef = 2C28EDB82667BF2100B94BAA /* Assets.xcassets */; };
		2C28EDBC2667BF2100B94BAA /* LaunchScreen.storyboard in Resources */ = {isa = PBXBuildFile; fileRef = 2C28EDBA2667BF2100B94BAA /* LaunchScreen.storyboard */; };
		2C28EDC52667C07A00B94BAA /* DataTaskService.swift in Sources */ = {isa = PBXBuildFile; fileRef = 2C28EDC42667C07A00B94BAA /* DataTaskService.swift */; };
		2C28EDC72667C09200B94BAA /* RequestService.swift in Sources */ = {isa = PBXBuildFile; fileRef = 2C28EDC62667C09200B94BAA /* RequestService.swift */; };
		2C28EDCB2667C88500B94BAA /* AnonymManager.swift in Sources */ = {isa = PBXBuildFile; fileRef = 2C28EDCA2667C88500B94BAA /* AnonymManager.swift */; };
		2C28EDCD2667C93D00B94BAA /* Post.swift in Sources */ = {isa = PBXBuildFile; fileRef = 2C28EDCC2667C93D00B94BAA /* Post.swift */; };
		2C28EDCF2667DBBB00B94BAA /* FeedListViewController.swift in Sources */ = {isa = PBXBuildFile; fileRef = 2C28EDCE2667DBBB00B94BAA /* FeedListViewController.swift */; };
		2C28EDD22667DBEE00B94BAA /* FeedListViewModel.swift in Sources */ = {isa = PBXBuildFile; fileRef = 2C28EDD12667DBEE00B94BAA /* FeedListViewModel.swift */; };
/* End PBXBuildFile section */

/* Begin PBXFileReference section */
		2C28EDAC2667BF1D00B94BAA /* AnonymTestTask.app */ = {isa = PBXFileReference; explicitFileType = wrapper.application; includeInIndex = 0; path = AnonymTestTask.app; sourceTree = BUILT_PRODUCTS_DIR; };
		2C28EDAF2667BF1D00B94BAA /* AppDelegate.swift */ = {isa = PBXFileReference; lastKnownFileType = sourcecode.swift; path = AppDelegate.swift; sourceTree = "<group>"; };
		2C28EDB32667BF1D00B94BAA /* ViewController.swift */ = {isa = PBXFileReference; lastKnownFileType = sourcecode.swift; path = ViewController.swift; sourceTree = "<group>"; };
		2C28EDB82667BF2100B94BAA /* Assets.xcassets */ = {isa = PBXFileReference; lastKnownFileType = folder.assetcatalog; path = Assets.xcassets; sourceTree = "<group>"; };
		2C28EDBB2667BF2100B94BAA /* Base */ = {isa = PBXFileReference; lastKnownFileType = file.storyboard; name = Base; path = Base.lproj/LaunchScreen.storyboard; sourceTree = "<group>"; };
		2C28EDBD2667BF2100B94BAA /* Info.plist */ = {isa = PBXFileReference; lastKnownFileType = text.plist.xml; path = Info.plist; sourceTree = "<group>"; };
		2C28EDC42667C07A00B94BAA /* DataTaskService.swift */ = {isa = PBXFileReference; lastKnownFileType = sourcecode.swift; path = DataTaskService.swift; sourceTree = "<group>"; };
		2C28EDC62667C09200B94BAA /* RequestService.swift */ = {isa = PBXFileReference; lastKnownFileType = sourcecode.swift; path = RequestService.swift; sourceTree = "<group>"; };
		2C28EDCA2667C88500B94BAA /* AnonymManager.swift */ = {isa = PBXFileReference; lastKnownFileType = sourcecode.swift; path = AnonymManager.swift; sourceTree = "<group>"; };
		2C28EDCC2667C93D00B94BAA /* Post.swift */ = {isa = PBXFileReference; lastKnownFileType = sourcecode.swift; path = Post.swift; sourceTree = "<group>"; };
		2C28EDCE2667DBBB00B94BAA /* FeedListViewController.swift */ = {isa = PBXFileReference; lastKnownFileType = sourcecode.swift; path = FeedListViewController.swift; sourceTree = "<group>"; };
		2C28EDD12667DBEE00B94BAA /* FeedListViewModel.swift */ = {isa = PBXFileReference; lastKnownFileType = sourcecode.swift; path = FeedListViewModel.swift; sourceTree = "<group>"; };
/* End PBXFileReference section */

/* Begin PBXFrameworksBuildPhase section */
		2C28EDA92667BF1D00B94BAA /* Frameworks */ = {
			isa = PBXFrameworksBuildPhase;
			buildActionMask = 2147483647;
			files = (
			);
			runOnlyForDeploymentPostprocessing = 0;
		};
/* End PBXFrameworksBuildPhase section */

/* Begin PBXGroup section */
		2C28EDA32667BF1D00B94BAA = {
			isa = PBXGroup;
			children = (
				2C28EDAE2667BF1D00B94BAA /* AnonymTestTask */,
				2C28EDAD2667BF1D00B94BAA /* Products */,
			);
			sourceTree = "<group>";
		};
		2C28EDAD2667BF1D00B94BAA /* Products */ = {
			isa = PBXGroup;
			children = (
				2C28EDAC2667BF1D00B94BAA /* AnonymTestTask.app */,
			);
			name = Products;
			sourceTree = "<group>";
		};
		2C28EDAE2667BF1D00B94BAA /* AnonymTestTask */ = {
			isa = PBXGroup;
			children = (
				2C28EDAF2667BF1D00B94BAA /* AppDelegate.swift */,
				2C28EDB32667BF1D00B94BAA /* ViewController.swift */,
				2C28EDD02667DBC100B94BAA /* FeedList */,
				2C28EDC92667C85200B94BAA /* Managers */,
				2C28EDC32667C05F00B94BAA /* Networking */,
				2C28EDC82667C0AE00B94BAA /* Model */,
				2C28EDB82667BF2100B94BAA /* Assets.xcassets */,
				2C28EDBA2667BF2100B94BAA /* LaunchScreen.storyboard */,
				2C28EDBD2667BF2100B94BAA /* Info.plist */,
			);
			path = AnonymTestTask;
			sourceTree = "<group>";
		};
		2C28EDC32667C05F00B94BAA /* Networking */ = {
			isa = PBXGroup;
			children = (
				2C28EDC42667C07A00B94BAA /* DataTaskService.swift */,
				2C28EDC62667C09200B94BAA /* RequestService.swift */,
			);
			path = Networking;
			sourceTree = "<group>";
		};
		2C28EDC82667C0AE00B94BAA /* Model */ = {
			isa = PBXGroup;
			children = (
				2C28EDCC2667C93D00B94BAA /* Post.swift */,
			);
			path = Model;
			sourceTree = "<group>";
		};
		2C28EDC92667C85200B94BAA /* Managers */ = {
			isa = PBXGroup;
			children = (
				2C28EDCA2667C88500B94BAA /* AnonymManager.swift */,
			);
			path = Managers;
			sourceTree = "<group>";
		};
		2C28EDD02667DBC100B94BAA /* FeedList */ = {
			isa = PBXGroup;
			children = (
				2C28EDCE2667DBBB00B94BAA /* FeedListViewController.swift */,
				2C28EDD12667DBEE00B94BAA /* FeedListViewModel.swift */,
			);
			name = FeedList;
			sourceTree = "<group>";
		};
/* End PBXGroup section */

/* Begin PBXNativeTarget section */
		2C28EDAB2667BF1D00B94BAA /* AnonymTestTask */ = {
			isa = PBXNativeTarget;
			buildConfigurationList = 2C28EDC02667BF2100B94BAA /* Build configuration list for PBXNativeTarget "AnonymTestTask" */;
			buildPhases = (
				2C28EDA82667BF1D00B94BAA /* Sources */,
				2C28EDA92667BF1D00B94BAA /* Frameworks */,
				2C28EDAA2667BF1D00B94BAA /* Resources */,
			);
			buildRules = (
			);
			dependencies = (
			);
			name = AnonymTestTask;
			productName = AnonymTestTask;
			productReference = 2C28EDAC2667BF1D00B94BAA /* AnonymTestTask.app */;
			productType = "com.apple.product-type.application";
		};
/* End PBXNativeTarget section */

/* Begin PBXProject section */
		2C28EDA42667BF1D00B94BAA /* Project object */ = {
			isa = PBXProject;
			attributes = {
				LastSwiftUpdateCheck = 1250;
				LastUpgradeCheck = 1250;
				TargetAttributes = {
					2C28EDAB2667BF1D00B94BAA = {
						CreatedOnToolsVersion = 12.5;
					};
				};
			};
			buildConfigurationList = 2C28EDA72667BF1D00B94BAA /* Build configuration list for PBXProject "AnonymTestTask" */;
			compatibilityVersion = "Xcode 9.3";
			developmentRegion = en;
			hasScannedForEncodings = 0;
			knownRegions = (
				en,
				Base,
			);
			mainGroup = 2C28EDA32667BF1D00B94BAA;
			productRefGroup = 2C28EDAD2667BF1D00B94BAA /* Products */;
			projectDirPath = "";
			projectRoot = "";
			targets = (
				2C28EDAB2667BF1D00B94BAA /* AnonymTestTask */,
			);
		};
/* End PBXProject section */

/* Begin PBXResourcesBuildPhase section */
		2C28EDAA2667BF1D00B94BAA /* Resources */ = {
			isa = PBXResourcesBuildPhase;
			buildActionMask = 2147483647;
			files = (
				2C28EDBC2667BF2100B94BAA /* LaunchScreen.storyboard in Resources */,
				2C28EDB92667BF2100B94BAA /* Assets.xcassets in Resources */,
			);
			runOnlyForDeploymentPostprocessing = 0;
		};
/* End PBXResourcesBuildPhase section */

/* Begin PBXSourcesBuildPhase section */
		2C28EDA82667BF1D00B94BAA /* Sources */ = {
			isa = PBXSourcesBuildPhase;
			buildActionMask = 2147483647;
			files = (
				2C28EDB42667BF1D00B94BAA /* ViewController.swift in Sources */,
				2C28EDC72667C09200B94BAA /* RequestService.swift in Sources */,
				2C28EDCB2667C88500B94BAA /* AnonymManager.swift in Sources */,
				2C28EDCD2667C93D00B94BAA /* Post.swift in Sources */,
				2C28EDB02667BF1D00B94BAA /* AppDelegate.swift in Sources */,
				2C28EDCF2667DBBB00B94BAA /* FeedListViewController.swift in Sources */,
				2C28EDD22667DBEE00B94BAA /* FeedListViewModel.swift in Sources */,
				2C28EDC52667C07A00B94BAA /* DataTaskService.swift in Sources */,
			);
			runOnlyForDeploymentPostprocessing = 0;
		};
/* End PBXSourcesBuildPhase section */

/* Begin PBXVariantGroup section */
		2C28EDBA2667BF2100B94BAA /* LaunchScreen.storyboard */ = {
			isa = PBXVariantGroup;
			children = (
				2C28EDBB2667BF2100B94BAA /* Base */,
			);
			name = LaunchScreen.storyboard;
			sourceTree = "<group>";
		};
/* End PBXVariantGroup section */

/* Begin XCBuildConfiguration section */
		2C28EDBE2667BF2100B94BAA /* Debug */ = {
			isa = XCBuildConfiguration;
			buildSettings = {
				ALWAYS_SEARCH_USER_PATHS = NO;
				CLANG_ANALYZER_NONNULL = YES;
				CLANG_ANALYZER_NUMBER_OBJECT_CONVERSION = YES_AGGRESSIVE;
				CLANG_CXX_LANGUAGE_STANDARD = "gnu++14";
				CLANG_CXX_LIBRARY = "libc++";
				CLANG_ENABLE_MODULES = YES;
				CLANG_ENABLE_OBJC_ARC = YES;
				CLANG_ENABLE_OBJC_WEAK = YES;
				CLANG_WARN_BLOCK_CAPTURE_AUTORELEASING = YES;
				CLANG_WARN_BOOL_CONVERSION = YES;
				CLANG_WARN_COMMA = YES;
				CLANG_WARN_CONSTANT_CONVERSION = YES;
				CLANG_WARN_DEPRECATED_OBJC_IMPLEMENTATIONS = YES;
				CLANG_WARN_DIRECT_OBJC_ISA_USAGE = YES_ERROR;
				CLANG_WARN_DOCUMENTATION_COMMENTS = YES;
				CLANG_WARN_EMPTY_BODY = YES;
				CLANG_WARN_ENUM_CONVERSION = YES;
				CLANG_WARN_INFINITE_RECURSION = YES;
				CLANG_WARN_INT_CONVERSION = YES;
				CLANG_WARN_NON_LITERAL_NULL_CONVERSION = YES;
				CLANG_WARN_OBJC_IMPLICIT_RETAIN_SELF = YES;
				CLANG_WARN_OBJC_LITERAL_CONVERSION = YES;
				CLANG_WARN_OBJC_ROOT_CLASS = YES_ERROR;
				CLANG_WARN_QUOTED_INCLUDE_IN_FRAMEWORK_HEADER = YES;
				CLANG_WARN_RANGE_LOOP_ANALYSIS = YES;
				CLANG_WARN_STRICT_PROTOTYPES = YES;
				CLANG_WARN_SUSPICIOUS_MOVE = YES;
				CLANG_WARN_UNGUARDED_AVAILABILITY = YES_AGGRESSIVE;
				CLANG_WARN_UNREACHABLE_CODE = YES;
				CLANG_WARN__DUPLICATE_METHOD_MATCH = YES;
				COPY_PHASE_STRIP = NO;
				DEBUG_INFORMATION_FORMAT = dwarf;
				ENABLE_STRICT_OBJC_MSGSEND = YES;
				ENABLE_TESTABILITY = YES;
				GCC_C_LANGUAGE_STANDARD = gnu11;
				GCC_DYNAMIC_NO_PIC = NO;
				GCC_NO_COMMON_BLOCKS = YES;
				GCC_OPTIMIZATION_LEVEL = 0;
				GCC_PREPROCESSOR_DEFINITIONS = (
					"DEBUG=1",
					"$(inherited)",
				);
				GCC_WARN_64_TO_32_BIT_CONVERSION = YES;
				GCC_WARN_ABOUT_RETURN_TYPE = YES_ERROR;
				GCC_WARN_UNDECLARED_SELECTOR = YES;
				GCC_WARN_UNINITIALIZED_AUTOS = YES_AGGRESSIVE;
				GCC_WARN_UNUSED_FUNCTION = YES;
				GCC_WARN_UNUSED_VARIABLE = YES;
				IPHONEOS_DEPLOYMENT_TARGET = 14.5;
				MTL_ENABLE_DEBUG_INFO = INCLUDE_SOURCE;
				MTL_FAST_MATH = YES;
				ONLY_ACTIVE_ARCH = YES;
				SDKROOT = iphoneos;
				SWIFT_ACTIVE_COMPILATION_CONDITIONS = DEBUG;
				SWIFT_OPTIMIZATION_LEVEL = "-Onone";
			};
			name = Debug;
		};
		2C28EDBF2667BF2100B94BAA /* Release */ = {
			isa = XCBuildConfiguration;
			buildSettings = {
				ALWAYS_SEARCH_USER_PATHS = NO;
				CLANG_ANALYZER_NONNULL = YES;
				CLANG_ANALYZER_NUMBER_OBJECT_CONVERSION = YES_AGGRESSIVE;
				CLANG_CXX_LANGUAGE_STANDARD = "gnu++14";
				CLANG_CXX_LIBRARY = "libc++";
				CLANG_ENABLE_MODULES = YES;
				CLANG_ENABLE_OBJC_ARC = YES;
				CLANG_ENABLE_OBJC_WEAK = YES;
				CLANG_WARN_BLOCK_CAPTURE_AUTORELEASING = YES;
				CLANG_WARN_BOOL_CONVERSION = YES;
				CLANG_WARN_COMMA = YES;
				CLANG_WARN_CONSTANT_CONVERSION = YES;
				CLANG_WARN_DEPRECATED_OBJC_IMPLEMENTATIONS = YES;
				CLANG_WARN_DIRECT_OBJC_ISA_USAGE = YES_ERROR;
				CLANG_WARN_DOCUMENTATION_COMMENTS = YES;
				CLANG_WARN_EMPTY_BODY = YES;
				CLANG_WARN_ENUM_CONVERSION = YES;
				CLANG_WARN_INFINITE_RECURSION = YES;
				CLANG_WARN_INT_CONVERSION = YES;
				CLANG_WARN_NON_LITERAL_NULL_CONVERSION = YES;
				CLANG_WARN_OBJC_IMPLICIT_RETAIN_SELF = YES;
				CLANG_WARN_OBJC_LITERAL_CONVERSION = YES;
				CLANG_WARN_OBJC_ROOT_CLASS = YES_ERROR;
				CLANG_WARN_QUOTED_INCLUDE_IN_FRAMEWORK_HEADER = YES;
				CLANG_WARN_RANGE_LOOP_ANALYSIS = YES;
				CLANG_WARN_STRICT_PROTOTYPES = YES;
				CLANG_WARN_SUSPICIOUS_MOVE = YES;
				CLANG_WARN_UNGUARDED_AVAILABILITY = YES_AGGRESSIVE;
				CLANG_WARN_UNREACHABLE_CODE = YES;
				CLANG_WARN__DUPLICATE_METHOD_MATCH = YES;
				COPY_PHASE_STRIP = NO;
				DEBUG_INFORMATION_FORMAT = "dwarf-with-dsym";
				ENABLE_NS_ASSERTIONS = NO;
				ENABLE_STRICT_OBJC_MSGSEND = YES;
				GCC_C_LANGUAGE_STANDARD = gnu11;
				GCC_NO_COMMON_BLOCKS = YES;
				GCC_WARN_64_TO_32_BIT_CONVERSION = YES;
				GCC_WARN_ABOUT_RETURN_TYPE = YES_ERROR;
				GCC_WARN_UNDECLARED_SELECTOR = YES;
				GCC_WARN_UNINITIALIZED_AUTOS = YES_AGGRESSIVE;
				GCC_WARN_UNUSED_FUNCTION = YES;
				GCC_WARN_UNUSED_VARIABLE = YES;
				IPHONEOS_DEPLOYMENT_TARGET = 14.5;
				MTL_ENABLE_DEBUG_INFO = NO;
				MTL_FAST_MATH = YES;
				SDKROOT = iphoneos;
				SWIFT_COMPILATION_MODE = wholemodule;
				SWIFT_OPTIMIZATION_LEVEL = "-O";
				VALIDATE_PRODUCT = YES;
			};
			name = Release;
		};
		2C28EDC12667BF2100B94BAA /* Debug */ = {
			isa = XCBuildConfiguration;
			buildSettings = {
				ASSETCATALOG_COMPILER_APPICON_NAME = AppIcon;
				ASSETCATALOG_COMPILER_GLOBAL_ACCENT_COLOR_NAME = AccentColor;
				CODE_SIGN_STYLE = Automatic;
				DEVELOPMENT_TEAM = YF7B94KF69;
				INFOPLIST_FILE = AnonymTestTask/Info.plist;
				LD_RUNPATH_SEARCH_PATHS = (
					"$(inherited)",
					"@executable_path/Frameworks",
				);
				PRODUCT_BUNDLE_IDENTIFIER = "-.AnonymTestTask";
				PRODUCT_NAME = "$(TARGET_NAME)";
				SWIFT_VERSION = 5.0;
				TARGETED_DEVICE_FAMILY = "1,2";
			};
			name = Debug;
		};
		2C28EDC22667BF2100B94BAA /* Release */ = {
			isa = XCBuildConfiguration;
			buildSettings = {
				ASSETCATALOG_COMPILER_APPICON_NAME = AppIcon;
				ASSETCATALOG_COMPILER_GLOBAL_ACCENT_COLOR_NAME = AccentColor;
				CODE_SIGN_STYLE = Automatic;
				DEVELOPMENT_TEAM = YF7B94KF69;
				INFOPLIST_FILE = AnonymTestTask/Info.plist;
				LD_RUNPATH_SEARCH_PATHS = (
					"$(inherited)",
					"@executable_path/Frameworks",
				);
				PRODUCT_BUNDLE_IDENTIFIER = "-.AnonymTestTask";
				PRODUCT_NAME = "$(TARGET_NAME)";
				SWIFT_VERSION = 5.0;
				TARGETED_DEVICE_FAMILY = "1,2";
			};
			name = Release;
		};
/* End XCBuildConfiguration section */

/* Begin XCConfigurationList section */
		2C28EDA72667BF1D00B94BAA /* Build configuration list for PBXProject "AnonymTestTask" */ = {
			isa = XCConfigurationList;
			buildConfigurations = (
				2C28EDBE2667BF2100B94BAA /* Debug */,
				2C28EDBF2667BF2100B94BAA /* Release */,
			);
			defaultConfigurationIsVisible = 0;
			defaultConfigurationName = Release;
		};
		2C28EDC02667BF2100B94BAA /* Build configuration list for PBXNativeTarget "AnonymTestTask" */ = {
			isa = XCConfigurationList;
			buildConfigurations = (
				2C28EDC12667BF2100B94BAA /* Debug */,
				2C28EDC22667BF2100B94BAA /* Release */,
			);
			defaultConfigurationIsVisible = 0;
			defaultConfigurationName = Release;
		};
/* End XCConfigurationList section */
	};
	rootObject = 2C28EDA42667BF1D00B94BAA /* Project object */;
}
